
Microsoft Visual Studio Solution File, Format Version 12.00
# Visual Studio 15
VisualStudioVersion = 15.0.26730.16
MinimumVisualStudioVersion = 10.0.40219.1
Project("{FAE04EC0-301F-11D3-BF4B-00C04F79EFBC}") = "Calculator", "Calculator\Calculator.csproj", "{59CF421C-6990-4894-9B84-3D5D025202A8}"
EndProject
Global
	GlobalSection(SolutionConfigurationPlatforms) = preSolution
		Debug|Any CPU = Debug|Any CPU
		Release|Any CPU = Release|Any CPU
	EndGlobalSection
	GlobalSection(ProjectConfigurationPlatforms) = postSolution
		{59CF421C-6990-4894-9B84-3D5D025202A8}.Debug|Any CPU.ActiveCfg = Debug|Any CPU
		{59CF421C-6990-4894-9B84-3D5D025202A8}.Debug|Any CPU.Build.0 = Debug|Any CPU
		{59CF421C-6990-4894-9B84-3D5D025202A8}.Release|Any CPU.ActiveCfg = Release|Any CPU
		{59CF421C-6990-4894-9B84-3D5D025202A8}.Release|Any CPU.Build.0 = Release|Any CPU
	EndGlobalSection
	GlobalSection(SolutionProperties) = preSolution
		HideSolutionNode = FALSE
	EndGlobalSection
	GlobalSection(ExtensibilityGlobals) = postSolution
		SolutionGuid = {FA73A893-7FB0-49E3-A712-1C8D7BE614DB}
	EndGlobalSection
EndGlobal
